
Microsoft Visual Studio Solution File, Format Version 12.00
# Visual Studio Version 16
VisualStudioVersion = 16.0.29609.76
MinimumVisualStudioVersion = 15.0.26124.0
Project("{9A19103F-16F7-4668-BE54-9A1E7A4F7556}") = "ZIKM", "ZIKM.Server\ZIKM.csproj", "{6593550E-6F94-4EC1-8E41-61FA729CDF7F}"
EndProject
Project("{2150E333-8FDC-42A3-9474-1A3956D46DE8}") = "Solution Items", "Solution Items", "{C5F7E3D2-DFC3-4BD9-8180-185D5301CDF6}"
	ProjectSection(SolutionItems) = preProject
		Files\docker-compose.yml = Files\docker-compose.yml
		InternalDB\docker-compose.yml = InternalDB\docker-compose.yml
		ExternalDB\docker-compose.yml = ExternalDB\docker-compose.yml
		Dockerfile = Dockerfile
	EndProjectSection
EndProject
Project("{9A19103F-16F7-4668-BE54-9A1E7A4F7556}") = "ZIKM.Infrastructure", "ZIKM.Infrastructure\ZIKM.Infrastructure.csproj", "{238375FD-B209-4290-BAA9-5AE069ED9E24}"
EndProject
Global
	GlobalSection(SolutionConfigurationPlatforms) = preSolution
		Debug|Any CPU = Debug|Any CPU
		Debug|x64 = Debug|x64
		Debug|x86 = Debug|x86
		Release|Any CPU = Release|Any CPU
		Release|x64 = Release|x64
		Release|x86 = Release|x86
	EndGlobalSection
	GlobalSection(ProjectConfigurationPlatforms) = postSolution
		{6593550E-6F94-4EC1-8E41-61FA729CDF7F}.Debug|Any CPU.ActiveCfg = Debug|Any CPU
		{6593550E-6F94-4EC1-8E41-61FA729CDF7F}.Debug|Any CPU.Build.0 = Debug|Any CPU
		{6593550E-6F94-4EC1-8E41-61FA729CDF7F}.Debug|x64.ActiveCfg = Debug|Any CPU
		{6593550E-6F94-4EC1-8E41-61FA729CDF7F}.Debug|x64.Build.0 = Debug|Any CPU
		{6593550E-6F94-4EC1-8E41-61FA729CDF7F}.Debug|x86.ActiveCfg = Debug|Any CPU
		{6593550E-6F94-4EC1-8E41-61FA729CDF7F}.Debug|x86.Build.0 = Debug|Any CPU
		{6593550E-6F94-4EC1-8E41-61FA729CDF7F}.Release|Any CPU.ActiveCfg = Release|Any CPU
		{6593550E-6F94-4EC1-8E41-61FA729CDF7F}.Release|Any CPU.Build.0 = Release|Any CPU
		{6593550E-6F94-4EC1-8E41-61FA729CDF7F}.Release|x64.ActiveCfg = Release|Any CPU
		{6593550E-6F94-4EC1-8E41-61FA729CDF7F}.Release|x64.Build.0 = Release|Any CPU
		{6593550E-6F94-4EC1-8E41-61FA729CDF7F}.Release|x86.ActiveCfg = Release|Any CPU
		{6593550E-6F94-4EC1-8E41-61FA729CDF7F}.Release|x86.Build.0 = Release|Any CPU
		{238375FD-B209-4290-BAA9-5AE069ED9E24}.Debug|Any CPU.ActiveCfg = Debug|Any CPU
		{238375FD-B209-4290-BAA9-5AE069ED9E24}.Debug|Any CPU.Build.0 = Debug|Any CPU
		{238375FD-B209-4290-BAA9-5AE069ED9E24}.Debug|x64.ActiveCfg = Debug|Any CPU
		{238375FD-B209-4290-BAA9-5AE069ED9E24}.Debug|x64.Build.0 = Debug|Any CPU
		{238375FD-B209-4290-BAA9-5AE069ED9E24}.Debug|x86.ActiveCfg = Debug|Any CPU
		{238375FD-B209-4290-BAA9-5AE069ED9E24}.Debug|x86.Build.0 = Debug|Any CPU
		{238375FD-B209-4290-BAA9-5AE069ED9E24}.Release|Any CPU.ActiveCfg = Release|Any CPU
		{238375FD-B209-4290-BAA9-5AE069ED9E24}.Release|Any CPU.Build.0 = Release|Any CPU
		{238375FD-B209-4290-BAA9-5AE069ED9E24}.Release|x64.ActiveCfg = Release|Any CPU
		{238375FD-B209-4290-BAA9-5AE069ED9E24}.Release|x64.Build.0 = Release|Any CPU
		{238375FD-B209-4290-BAA9-5AE069ED9E24}.Release|x86.ActiveCfg = Release|Any CPU
		{238375FD-B209-4290-BAA9-5AE069ED9E24}.Release|x86.Build.0 = Release|Any CPU
	EndGlobalSection
	GlobalSection(SolutionProperties) = preSolution
		HideSolutionNode = FALSE
	EndGlobalSection
	GlobalSection(ExtensibilityGlobals) = postSolution
		SolutionGuid = {F01439D6-CC79-4ADE-99D8-7641D1066189}
	EndGlobalSection
EndGlobal
